PODS:
  - FBSnapshotTestCase (2.1.4):
    - FBSnapshotTestCase/SwiftSupport (= 2.1.4)
  - FBSnapshotTestCase/Core (2.1.4)
  - FBSnapshotTestCase/SwiftSupport (2.1.4):
    - FBSnapshotTestCase/Core
  - LilHoeDemo (0.1.0)

DEPENDENCIES:
  - FBSnapshotTestCase
  - LilHoeDemo (from `../`)

SPEC REPOS:
  trunk:
    - FBSnapshotTestCase

EXTERNAL SOURCES:
  LilHoeDemo:
    :path: "../"

SPEC CHECKSUMS:
  FBSnapshotTestCase: 094f9f314decbabe373b87cc339bea235a63e07a
  LilHoeDemo: 543d146ac37065bc83fcf18e49f490d0910783cc

PODFILE CHECKSUM: e3278193a9661e8f05d0720d97add322a908e5f6

COCOAPODS: 1.10.0
